
Microsoft Visual Studio Solution File, Format Version 12.00
# Visual Studio Version 17
VisualStudioVersion = 17.4.33213.308
MinimumVisualStudioVersion = 10.0.40219.1
Project("{FAE04EC0-301F-11D3-BF4B-00C04F79EFBC}") = "CPHelper", "CPHelper.csproj", "{110486C6-08D8-48E0-973D-99DB5B6A29CA}"
EndProject
Global
	GlobalSection(SolutionConfigurationPlatforms) = preSolution
		Debug|Any CPU = Debug|Any CPU
		Release|Any CPU = Release|Any CPU
	EndGlobalSection
	GlobalSection(ProjectConfigurationPlatforms) = postSolution
		{110486C6-08D8-48E0-973D-99DB5B6A29CA}.Debug|Any CPU.ActiveCfg = Debug|Any CPU
		{110486C6-08D8-48E0-973D-99DB5B6A29CA}.Debug|Any CPU.Build.0 = Debug|Any CPU
		{110486C6-08D8-48E0-973D-99DB5B6A29CA}.Release|Any CPU.ActiveCfg = Release|Any CPU
		{110486C6-08D8-48E0-973D-99DB5B6A29CA}.Release|Any CPU.Build.0 = Release|Any CPU
	EndGlobalSection
	GlobalSection(SolutionProperties) = preSolution
		HideSolutionNode = FALSE
	EndGlobalSection
	GlobalSection(ExtensibilityGlobals) = postSolution
		SolutionGuid = {89C38E9D-FB9B-49E3-9E0F-F7E6211491B0}
	EndGlobalSection
EndGlobal
